// !$*UTF8*$!
{
	archiveVersion = 1;
	classes = {
	};
	objectVersion = 46;
	objects = {

/* Begin PBXBuildFile section */
		7B3E69E01C92386400DAD57A /* AppDelegate.swift in Sources */ = {isa = PBXBuildFile; fileRef = 7B3E69DF1C92386400DAD57A /* AppDelegate.swift */; };
		7B3E69E21C92386400DAD57A /* ViewController.swift in Sources */ = {isa = PBXBuildFile; fileRef = 7B3E69E11C92386400DAD57A /* ViewController.swift */; };
		7B3E69E51C92386400DAD57A /* Main.storyboard in Resources */ = {isa = PBXBuildFile; fileRef = 7B3E69E31C92386400DAD57A /* Main.storyboard */; };
		7B3E69E71C92386400DAD57A /* Assets.xcassets in Resources */ = {isa = PBXBuildFile; fileRef = 7B3E69E61C92386400DAD57A /* Assets.xcassets */; };
		7B3E69EA1C92386400DAD57A /* LaunchScreen.storyboard in Resources */ = {isa = PBXBuildFile; fileRef = 7B3E69E81C92386400DAD57A /* LaunchScreen.storyboard */; };
/* End PBXBuildFile section */

/* Begin PBXFileReference section */
		7B3E69DC1C92386400DAD57A /* Health-Kit-Mockup.app */ = {isa = PBXFileReference; explicitFileType = wrapper.application; includeInIndex = 0; path = "Health-Kit-Mockup.app"; sourceTree = BUILT_PRODUCTS_DIR; };
		7B3E69DF1C92386400DAD57A /* AppDelegate.swift */ = {isa = PBXFileReference; lastKnownFileType = sourcecode.swift; path = AppDelegate.swift; sourceTree = "<group>"; };
		7B3E69E11C92386400DAD57A /* ViewController.swift */ = {isa = PBXFileReference; lastKnownFileType = sourcecode.swift; path = ViewController.swift; sourceTree = "<group>"; };
		7B3E69E41C92386400DAD57A /* Base */ = {isa = PBXFileReference; lastKnownFileType = file.storyboard; name = Base; path = Base.lproj/Main.storyboard; sourceTree = "<group>"; };
		7B3E69E61C92386400DAD57A /* Assets.xcassets */ = {isa = PBXFileReference; lastKnownFileType = folder.assetcatalog; path = Assets.xcassets; sourceTree = "<group>"; };
		7B3E69E91C92386400DAD57A /* Base */ = {isa = PBXFileReference; lastKnownFileType = file.storyboard; name = Base; path = Base.lproj/LaunchScreen.storyboard; sourceTree = "<group>"; };
		7B3E69EB1C92386400DAD57A /* Info.plist */ = {isa = PBXFileReference; lastKnownFileType = text.plist.xml; path = Info.plist; sourceTree = "<group>"; };
/* End PBXFileReference section */

/* Begin PBXFrameworksBuildPhase section */
		7B3E69D91C92386400DAD57A /* Frameworks */ = {
			isa = PBXFrameworksBuildPhase;
			buildActionMask = 2147483647;
			files = (
			);
			runOnlyForDeploymentPostprocessing = 0;
		};
/* End PBXFrameworksBuildPhase section */

/* Begin PBXGroup section */
		7B3E69D31C92386400DAD57A = {
			isa = PBXGroup;
			children = (
				7B3E69DE1C92386400DAD57A /* Health-Kit-Mockup */,
				7B3E69DD1C92386400DAD57A /* Products */,
			);
			sourceTree = "<group>";
		};
		7B3E69DD1C92386400DAD57A /* Products */ = {
			isa = PBXGroup;
			children = (
				7B3E69DC1C92386400DAD57A /* Health-Kit-Mockup.app */,
			);
			name = Products;
			sourceTree = "<group>";
		};
		7B3E69DE1C92386400DAD57A /* Health-Kit-Mockup */ = {
			isa = PBXGroup;
			children = (
				7B3E69DF1C92386400DAD57A /* AppDelegate.swift */,
				7B3E69E11C92386400DAD57A /* ViewController.swift */,
				7B3E69E31C92386400DAD57A /* Main.storyboard */,
				7B3E69E61C92386400DAD57A /* Assets.xcassets */,
				7B3E69E81C92386400DAD57A /* LaunchScreen.storyboard */,
				7B3E69EB1C92386400DAD57A /* Info.plist */,
			);
			path = "Health-Kit-Mockup";
			sourceTree = "<group>";
		};
/* End PBXGroup section */

/* Begin PBXNativeTarget section */
		7B3E69DB1C92386400DAD57A /* Health-Kit-Mockup */ = {
			isa = PBXNativeTarget;
			buildConfigurationList = 7B3E69EE1C92386400DAD57A /* Build configuration list for PBXNativeTarget "Health-Kit-Mockup" */;
			buildPhases = (
				7B3E69D81C92386400DAD57A /* Sources */,
				7B3E69D91C92386400DAD57A /* Frameworks */,
				7B3E69DA1C92386400DAD57A /* Resources */,
			);
			buildRules = (
			);
			dependencies = (
			);
			name = "Health-Kit-Mockup";
			productName = "Health-Kit-Mockup";
			productReference = 7B3E69DC1C92386400DAD57A /* Health-Kit-Mockup.app */;
			productType = "com.apple.product-type.application";
		};
/* End PBXNativeTarget section */

/* Begin PBXProject section */
		7B3E69D41C92386400DAD57A /* Project object */ = {
			isa = PBXProject;
			attributes = {
				LastSwiftUpdateCheck = 0720;
				LastUpgradeCheck = 0720;
				ORGANIZATIONNAME = "mitchell hudson";
				TargetAttributes = {
					7B3E69DB1C92386400DAD57A = {
						CreatedOnToolsVersion = 7.2;
					};
				};
			};
			buildConfigurationList = 7B3E69D71C92386400DAD57A /* Build configuration list for PBXProject "Health-Kit-Mockup" */;
			compatibilityVersion = "Xcode 3.2";
			developmentRegion = English;
			hasScannedForEncodings = 0;
			knownRegions = (
				en,
				Base,
			);
			mainGroup = 7B3E69D31C92386400DAD57A;
			productRefGroup = 7B3E69DD1C92386400DAD57A /* Products */;
			projectDirPath = "";
			projectRoot = "";
			targets = (
				7B3E69DB1C92386400DAD57A /* Health-Kit-Mockup */,
			);
		};
/* End PBXProject section */

/* Begin PBXResourcesBuildPhase section */
		7B3E69DA1C92386400DAD57A /* Resources */ = {
			isa = PBXResourcesBuildPhase;
			buildActionMask = 2147483647;
			files = (
				7B3E69EA1C92386400DAD57A /* LaunchScreen.storyboard in Resources */,
				7B3E69E71C92386400DAD57A /* Assets.xcassets in Resources */,
				7B3E69E51C92386400DAD57A /* Main.storyboard in Resources */,
			);
			runOnlyForDeploymentPostprocessing = 0;
		};
/* End PBXResourcesBuildPhase section */

/* Begin PBXSourcesBuildPhase section */
		7B3E69D81C92386400DAD57A /* Sources */ = {
			isa = PBXSourcesBuildPhase;
			buildActionMask = 2147483647;
			files = (
				7B3E69E21C92386400DAD57A /* ViewController.swift in Sources */,
				7B3E69E01C92386400DAD57A /* AppDelegate.swift in Sources */,
			);
			runOnlyForDeploymentPostprocessing = 0;
		};
/* End PBXSourcesBuildPhase section */

/* Begin PBXVariantGroup section */
		7B3E69E31C92386400DAD57A /* Main.storyboard */ = {
			isa = PBXVariantGroup;
			children = (
				7B3E69E41C92386400DAD57A /* Base */,
			);
			name = Main.storyboard;
			sourceTree = "<group>";
		};
		7B3E69E81C92386400DAD57A /* LaunchScreen.storyboard */ = {
			isa = PBXVariantGroup;
			children = (
				7B3E69E91C92386400DAD57A /* Base */,
			);
			name = LaunchScreen.storyboard;
			sourceTree = "<group>";
		};
/* End PBXVariantGroup section */

/* Begin XCBuildConfiguration section */
		7B3E69EC1C92386400DAD57A /* Debug */ = {
			isa = XCBuildConfiguration;
			buildSettings = {
				ALWAYS_SEARCH_USER_PATHS = NO;
				CLANG_CXX_LANGUAGE_STANDARD = "gnu++0x";
				CLANG_CXX_LIBRARY = "libc++";
				CLANG_ENABLE_MODULES = YES;
				CLANG_ENABLE_OBJC_ARC = YES;
				CLANG_WARN_BOOL_CONVERSION = YES;
				CLANG_WARN_CONSTANT_CONVERSION = YES;
				CLANG_WARN_DIRECT_OBJC_ISA_USAGE = YES_ERROR;
				CLANG_WARN_EMPTY_BODY = YES;
				CLANG_WARN_ENUM_CONVERSION = YES;
				CLANG_WARN_INT_CONVERSION = YES;
				CLANG_WARN_OBJC_ROOT_CLASS = YES_ERROR;
				CLANG_WARN_UNREACHABLE_CODE = YES;
				CLANG_WARN__DUPLICATE_METHOD_MATCH = YES;
				"CODE_SIGN_IDENTITY[sdk=iphoneos*]" = "iPhone Developer";
				COPY_PHASE_STRIP = NO;
				DEBUG_INFORMATION_FORMAT = dwarf;
				ENABLE_STRICT_OBJC_MSGSEND = YES;
				ENABLE_TESTABILITY = YES;
				GCC_C_LANGUAGE_STANDARD = gnu99;
				GCC_DYNAMIC_NO_PIC = NO;
				GCC_NO_COMMON_BLOCKS = YES;
				GCC_OPTIMIZATION_LEVEL = 0;
				GCC_PREPROCESSOR_DEFINITIONS = (
					"DEBUG=1",
					"$(inherited)",
				);
				GCC_WARN_64_TO_32_BIT_CONVERSION = YES;
				GCC_WARN_ABOUT_RETURN_TYPE = YES_ERROR;
				GCC_WARN_UNDECLARED_SELECTOR = YES;
				GCC_WARN_UNINITIALIZED_AUTOS = YES_AGGRESSIVE;
				GCC_WARN_UNUSED_FUNCTION = YES;
				GCC_WARN_UNUSED_VARIABLE = YES;
				IPHONEOS_DEPLOYMENT_TARGET = 9.2;
				MTL_ENABLE_DEBUG_INFO = YES;
				ONLY_ACTIVE_ARCH = YES;
				SDKROOT = iphoneos;
				SWIFT_OPTIMIZATION_LEVEL = "-Onone";
			};
			name = Debug;
		};
		7B3E69ED1C92386400DAD57A /* Release */ = {
			isa = XCBuildConfiguration;
			buildSettings = {
				ALWAYS_SEARCH_USER_PATHS = NO;
				CLANG_CXX_LANGUAGE_STANDARD = "gnu++0x";
				CLANG_CXX_LIBRARY = "libc++";
				CLANG_ENABLE_MODULES = YES;
				CLANG_ENABLE_OBJC_ARC = YES;
				CLANG_WARN_BOOL_CONVERSION = YES;
				CLANG_WARN_CONSTANT_CONVERSION = YES;
				CLANG_WARN_DIRECT_OBJC_ISA_USAGE = YES_ERROR;
				CLANG_WARN_EMPTY_BODY = YES;
				CLANG_WARN_ENUM_CONVERSION = YES;
				CLANG_WARN_INT_CONVERSION = YES;
				CLANG_WARN_OBJC_ROOT_CLASS = YES_ERROR;
				CLANG_WARN_UNREACHABLE_CODE = YES;
				CLANG_WARN__DUPLICATE_METHOD_MATCH = YES;
				"CODE_SIGN_IDENTITY[sdk=iphoneos*]" = "iPhone Developer";
				COPY_PHASE_STRIP = NO;
				DEBUG_INFORMATION_FORMAT = "dwarf-with-dsym";
				ENABLE_NS_ASSERTIONS = NO;
				ENABLE_STRICT_OBJC_MSGSEND = YES;
				GCC_C_LANGUAGE_STANDARD = gnu99;
				GCC_NO_COMMON_BLOCKS = YES;
				GCC_WARN_64_TO_32_BIT_CONVERSION = YES;
				GCC_WARN_ABOUT_RETURN_TYPE = YES_ERROR;
				GCC_WARN_UNDECLARED_SELECTOR = YES;
				GCC_WARN_UNINITIALIZED_AUTOS = YES_AGGRESSIVE;
				GCC_WARN_UNUSED_FUNCTION = YES;
				GCC_WARN_UNUSED_VARIABLE = YES;
				IPHONEOS_DEPLOYMENT_TARGET = 9.2;
				MTL_ENABLE_DEBUG_INFO = NO;
				SDKROOT = iphoneos;
				VALIDATE_PRODUCT = YES;
			};
			name = Release;
		};
		7B3E69EF1C92386400DAD57A /* Debug */ = {
			isa = XCBuildConfiguration;
			buildSettings = {
				ASSETCATALOG_COMPILER_APPICON_NAME = AppIcon;
				INFOPLIST_FILE = "Health-Kit-Mockup/Info.plist";
				LD_RUNPATH_SEARCH_PATHS = "$(inherited) @executable_path/Frameworks";
				PRODUCT_BUNDLE_IDENTIFIER = "com.webdevils.Health-Kit-Mockup";
				PRODUCT_NAME = "$(TARGET_NAME)";
			};
			name = Debug;
		};
		7B3E69F01C92386400DAD57A /* Release */ = {
			isa = XCBuildConfiguration;
			buildSettings = {
				ASSETCATALOG_COMPILER_APPICON_NAME = AppIcon;
				INFOPLIST_FILE = "Health-Kit-Mockup/Info.plist";
				LD_RUNPATH_SEARCH_PATHS = "$(inherited) @executable_path/Frameworks";
				PRODUCT_BUNDLE_IDENTIFIER = "com.webdevils.Health-Kit-Mockup";
				PRODUCT_NAME = "$(TARGET_NAME)";
			};
			name = Release;
		};
/* End XCBuildConfiguration section */

/* Begin XCConfigurationList section */
		7B3E69D71C92386400DAD57A /* Build configuration list for PBXProject "Health-Kit-Mockup" */ = {
			isa = XCConfigurationList;
			buildConfigurations = (
				7B3E69EC1C92386400DAD57A /* Debug */,
				7B3E69ED1C92386400DAD57A /* Release */,
			);
			defaultConfigurationIsVisible = 0;
			defaultConfigurationName = Release;
		};
		7B3E69EE1C92386400DAD57A /* Build configuration list for PBXNativeTarget "Health-Kit-Mockup" */ = {
			isa = XCConfigurationList;
			buildConfigurations = (
				7B3E69EF1C92386400DAD57A /* Debug */,
				7B3E69F01C92386400DAD57A /* Release */,
			);
			defaultConfigurationIsVisible = 0;
		};
/* End XCConfigurationList section */
	};
	rootObject = 7B3E69D41C92386400DAD57A /* Project object */;
}
